// !$*UTF8*$!
{
	archiveVersion = 1;
	classes = {
	};
	objectVersion = 55;
	objects = {

/* Begin PBXBuildFile section */
		05208DE429038C44003CAECF /* ExerciseView.swift in Sources */ = {isa = PBXBuildFile; fileRef = 05208DE329038C44003CAECF /* ExerciseView.swift */; };
		05208DE729038C55003CAECF /* FriendView.swift in Sources */ = {isa = PBXBuildFile; fileRef = 05208DE629038C55003CAECF /* FriendView.swift */; };
		05208DEB29038C73003CAECF /* SettingsView.swift in Sources */ = {isa = PBXBuildFile; fileRef = 05208DEA29038C73003CAECF /* SettingsView.swift */; };
		05219D5729272E0E00160772 /* ElbowStretch.MOV in Resources */ = {isa = PBXBuildFile; fileRef = 05219D5629272E0E00160772 /* ElbowStretch.MOV */; };
		0585A42F29272716007FD8A6 /* ToeTouches.MOV in Resources */ = {isa = PBXBuildFile; fileRef = 0585A42E29272716007FD8A6 /* ToeTouches.MOV */; };
		05E027482927DF42009C9D2C /* ContentView.swift in Sources */ = {isa = PBXBuildFile; fileRef = 05E027472927DF41009C9D2C /* ContentView.swift */; };
		05E0274D2927DF6E009C9D2C /* CircularProgressView.swift in Sources */ = {isa = PBXBuildFile; fileRef = 05E027492927DF6D009C9D2C /* CircularProgressView.swift */; };
		05E0274E2927DF6E009C9D2C /* ExerciseStructs.swift in Sources */ = {isa = PBXBuildFile; fileRef = 05E0274A2927DF6E009C9D2C /* ExerciseStructs.swift */; };
		05E0274F2927DF6E009C9D2C /* HomeScreenView.swift in Sources */ = {isa = PBXBuildFile; fileRef = 05E0274B2927DF6E009C9D2C /* HomeScreenView.swift */; };
		05E027502927DF6E009C9D2C /* StreaksView.swift in Sources */ = {isa = PBXBuildFile; fileRef = 05E0274C2927DF6E009C9D2C /* StreaksView.swift */; };
		05E027532927DF9C009C9D2C /* ExercisePlanView.swift in Sources */ = {isa = PBXBuildFile; fileRef = 05E027512927DF9C009C9D2C /* ExercisePlanView.swift */; };
		05E027542927DF9C009C9D2C /* ExercisePlanDetailView.swift in Sources */ = {isa = PBXBuildFile; fileRef = 05E027522927DF9C009C9D2C /* ExercisePlanDetailView.swift */; };
		05E027562927DFE6009C9D2C /* TimerView.swift in Sources */ = {isa = PBXBuildFile; fileRef = 05E027552927DFE6009C9D2C /* TimerView.swift */; };
		05E027582927E0DA009C9D2C /* ExerciseScreenView.swift in Sources */ = {isa = PBXBuildFile; fileRef = 05E027572927E0DA009C9D2C /* ExerciseScreenView.swift */; };
		05E0275B2927E12C009C9D2C /* ArmCircles.MOV in Resources */ = {isa = PBXBuildFile; fileRef = 05E027592927E129009C9D2C /* ArmCircles.MOV */; };
		05E0275C2927E12C009C9D2C /* Lunges.MOV in Resources */ = {isa = PBXBuildFile; fileRef = 05E0275A2927E12B009C9D2C /* Lunges.MOV */; };
		05E0275F2927E16E009C9D2C /* CalfRaises.MOV in Resources */ = {isa = PBXBuildFile; fileRef = 05E0275D2927E16C009C9D2C /* CalfRaises.MOV */; };
		05E027602927E16E009C9D2C /* SitUp.MOV in Resources */ = {isa = PBXBuildFile; fileRef = 05E0275E2927E16E009C9D2C /* SitUp.MOV */; };
		05E027632927E1A7009C9D2C /* HighKneeMarch.MOV in Resources */ = {isa = PBXBuildFile; fileRef = 05E027612927E1A6009C9D2C /* HighKneeMarch.MOV */; };
		05E027642927E1A7009C9D2C /* TricepStretch.MOV in Resources */ = {isa = PBXBuildFile; fileRef = 05E027622927E1A7009C9D2C /* TricepStretch.MOV */; };
		05E027672927E1C3009C9D2C /* JogOnTheSpot.MOV in Resources */ = {isa = PBXBuildFile; fileRef = 05E027652927E1C2009C9D2C /* JogOnTheSpot.MOV */; };
		05E027682927E1C3009C9D2C /* WallPushUp.MOV in Resources */ = {isa = PBXBuildFile; fileRef = 05E027662927E1C3009C9D2C /* WallPushUp.MOV */; };
		05E0276B2927E214009C9D2C /* Launch Screen.storyboard in Resources */ = {isa = PBXBuildFile; fileRef = 05E0276A2927E214009C9D2C /* Launch Screen.storyboard */; };
		05E0276E2927E225009C9D2C /* OnboardingView.swift in Sources */ = {isa = PBXBuildFile; fileRef = 05E0276D2927E225009C9D2C /* OnboardingView.swift */; };
		CEB3A50929037D0E00F4E36A /* AWIZApp.swift in Sources */ = {isa = PBXBuildFile; fileRef = CEB3A50829037D0E00F4E36A /* AWIZApp.swift */; };
		CEB3A50D29037D1600F4E36A /* Assets.xcassets in Resources */ = {isa = PBXBuildFile; fileRef = CEB3A50C29037D1600F4E36A /* Assets.xcassets */; };
		CEB3A51029037D1600F4E36A /* Preview Assets.xcassets in Resources */ = {isa = PBXBuildFile; fileRef = CEB3A50F29037D1600F4E36A /* Preview Assets.xcassets */; };
/* End PBXBuildFile section */

/* Begin PBXFileReference section */
		05208DE329038C44003CAECF /* ExerciseView.swift */ = {isa = PBXFileReference; lastKnownFileType = sourcecode.swift; path = ExerciseView.swift; sourceTree = "<group>"; };
		05208DE629038C55003CAECF /* FriendView.swift */ = {isa = PBXFileReference; lastKnownFileType = sourcecode.swift; path = FriendView.swift; sourceTree = "<group>"; };
		05208DEA29038C73003CAECF /* SettingsView.swift */ = {isa = PBXFileReference; lastKnownFileType = sourcecode.swift; path = SettingsView.swift; sourceTree = "<group>"; };
		05219D5629272E0E00160772 /* ElbowStretch.MOV */ = {isa = PBXFileReference; lastKnownFileType = video.quicktime; path = ElbowStretch.MOV; sourceTree = "<group>"; };
		0585A42E29272716007FD8A6 /* ToeTouches.MOV */ = {isa = PBXFileReference; lastKnownFileType = video.quicktime; path = ToeTouches.MOV; sourceTree = "<group>"; };
		05E027472927DF41009C9D2C /* ContentView.swift */ = {isa = PBXFileReference; fileEncoding = 4; lastKnownFileType = sourcecode.swift; path = ContentView.swift; sourceTree = "<group>"; };
		05E027492927DF6D009C9D2C /* CircularProgressView.swift */ = {isa = PBXFileReference; fileEncoding = 4; lastKnownFileType = sourcecode.swift; path = CircularProgressView.swift; sourceTree = "<group>"; };
		05E0274A2927DF6E009C9D2C /* ExerciseStructs.swift */ = {isa = PBXFileReference; fileEncoding = 4; lastKnownFileType = sourcecode.swift; path = ExerciseStructs.swift; sourceTree = "<group>"; };
		05E0274B2927DF6E009C9D2C /* HomeScreenView.swift */ = {isa = PBXFileReference; fileEncoding = 4; lastKnownFileType = sourcecode.swift; path = HomeScreenView.swift; sourceTree = "<group>"; };
		05E0274C2927DF6E009C9D2C /* StreaksView.swift */ = {isa = PBXFileReference; fileEncoding = 4; lastKnownFileType = sourcecode.swift; path = StreaksView.swift; sourceTree = "<group>"; };
		05E027512927DF9C009C9D2C /* ExercisePlanView.swift */ = {isa = PBXFileReference; fileEncoding = 4; lastKnownFileType = sourcecode.swift; path = ExercisePlanView.swift; sourceTree = "<group>"; };
		05E027522927DF9C009C9D2C /* ExercisePlanDetailView.swift */ = {isa = PBXFileReference; fileEncoding = 4; lastKnownFileType = sourcecode.swift; path = ExercisePlanDetailView.swift; sourceTree = "<group>"; };
		05E027552927DFE6009C9D2C /* TimerView.swift */ = {isa = PBXFileReference; fileEncoding = 4; lastKnownFileType = sourcecode.swift; path = TimerView.swift; sourceTree = "<group>"; };
		05E027572927E0DA009C9D2C /* ExerciseScreenView.swift */ = {isa = PBXFileReference; fileEncoding = 4; lastKnownFileType = sourcecode.swift; path = ExerciseScreenView.swift; sourceTree = "<group>"; };
		05E027592927E129009C9D2C /* ArmCircles.MOV */ = {isa = PBXFileReference; lastKnownFileType = video.quicktime; path = ArmCircles.MOV; sourceTree = "<group>"; };
		05E0275A2927E12B009C9D2C /* Lunges.MOV */ = {isa = PBXFileReference; lastKnownFileType = video.quicktime; path = Lunges.MOV; sourceTree = "<group>"; };
		05E0275D2927E16C009C9D2C /* CalfRaises.MOV */ = {isa = PBXFileReference; lastKnownFileType = video.quicktime; path = CalfRaises.MOV; sourceTree = "<group>"; };
		05E0275E2927E16E009C9D2C /* SitUp.MOV */ = {isa = PBXFileReference; lastKnownFileType = video.quicktime; path = SitUp.MOV; sourceTree = "<group>"; };
		05E027612927E1A6009C9D2C /* HighKneeMarch.MOV */ = {isa = PBXFileReference; lastKnownFileType = video.quicktime; path = HighKneeMarch.MOV; sourceTree = "<group>"; };
		05E027622927E1A7009C9D2C /* TricepStretch.MOV */ = {isa = PBXFileReference; lastKnownFileType = video.quicktime; path = TricepStretch.MOV; sourceTree = "<group>"; };
		05E027652927E1C2009C9D2C /* JogOnTheSpot.MOV */ = {isa = PBXFileReference; lastKnownFileType = video.quicktime; path = JogOnTheSpot.MOV; sourceTree = "<group>"; };
		05E027662927E1C3009C9D2C /* WallPushUp.MOV */ = {isa = PBXFileReference; lastKnownFileType = video.quicktime; path = WallPushUp.MOV; sourceTree = "<group>"; };
		05E0276A2927E214009C9D2C /* Launch Screen.storyboard */ = {isa = PBXFileReference; fileEncoding = 4; lastKnownFileType = file.storyboard; path = "Launch Screen.storyboard"; sourceTree = "<group>"; };
		05E0276D2927E225009C9D2C /* OnboardingView.swift */ = {isa = PBXFileReference; fileEncoding = 4; lastKnownFileType = sourcecode.swift; path = OnboardingView.swift; sourceTree = "<group>"; };
		CEB3A50529037D0E00F4E36A /* AWIZ.app */ = {isa = PBXFileReference; explicitFileType = wrapper.application; includeInIndex = 0; path = AWIZ.app; sourceTree = BUILT_PRODUCTS_DIR; };
		CEB3A50829037D0E00F4E36A /* AWIZApp.swift */ = {isa = PBXFileReference; lastKnownFileType = sourcecode.swift; path = AWIZApp.swift; sourceTree = "<group>"; };
		CEB3A50C29037D1600F4E36A /* Assets.xcassets */ = {isa = PBXFileReference; lastKnownFileType = folder.assetcatalog; path = Assets.xcassets; sourceTree = "<group>"; };
		CEB3A50F29037D1600F4E36A /* Preview Assets.xcassets */ = {isa = PBXFileReference; lastKnownFileType = folder.assetcatalog; path = "Preview Assets.xcassets"; sourceTree = "<group>"; };
/* End PBXFileReference section */

/* Begin PBXFrameworksBuildPhase section */
		CEB3A50229037D0E00F4E36A /* Frameworks */ = {
			isa = PBXFrameworksBuildPhase;
			buildActionMask = 2147483647;
			files = (
			);
			runOnlyForDeploymentPostprocessing = 0;
		};
/* End PBXFrameworksBuildPhase section */

/* Begin PBXGroup section */
		050D0DF8291578B700D99FBF /* Home Screen */ = {
			isa = PBXGroup;
			children = (
				05E027492927DF6D009C9D2C /* CircularProgressView.swift */,
				05E0274A2927DF6E009C9D2C /* ExerciseStructs.swift */,
				05E0274B2927DF6E009C9D2C /* HomeScreenView.swift */,
				05E0274C2927DF6E009C9D2C /* StreaksView.swift */,
				05E027522927DF9C009C9D2C /* ExercisePlanDetailView.swift */,
				05E027512927DF9C009C9D2C /* ExercisePlanView.swift */,
			);
			path = "Home Screen";
			sourceTree = "<group>";
		};
		050D0DFC291579FA00D99FBF /* Exercise tab */ = {
			isa = PBXGroup;
			children = (
				05208DE329038C44003CAECF /* ExerciseView.swift */,
			);
			path = "Exercise tab";
			sourceTree = "<group>";
		};
		050D0DFD29157A1600D99FBF /* Settings tab */ = {
			isa = PBXGroup;
			children = (
				05208DEA29038C73003CAECF /* SettingsView.swift */,
			);
			path = "Settings tab";
			sourceTree = "<group>";
		};
		050D0E0029160B4D00D99FBF /* Friends tab */ = {
			isa = PBXGroup;
			children = (
				05208DE629038C55003CAECF /* FriendView.swift */,
			);
			path = "Friends tab";
			sourceTree = "<group>";
		};
		050D0E0129160B6F00D99FBF /* Main app */ = {
			isa = PBXGroup;
			children = (
				CEB3A50829037D0E00F4E36A /* AWIZApp.swift */,
				05E027472927DF41009C9D2C /* ContentView.swift */,
			);
			path = "Main app";
			sourceTree = "<group>";
		};
		055506B82924A9410029A1D0 /* Videos */ = {
			isa = PBXGroup;
			children = (
				05E027572927E0DA009C9D2C /* ExerciseScreenView.swift */,
				05E027552927DFE6009C9D2C /* TimerView.swift */,
				0585A42E29272716007FD8A6 /* ToeTouches.MOV */,
				05219D5629272E0E00160772 /* ElbowStretch.MOV */,
				05E027592927E129009C9D2C /* ArmCircles.MOV */,
				05E0275A2927E12B009C9D2C /* Lunges.MOV */,
				05E0275D2927E16C009C9D2C /* CalfRaises.MOV */,
				05E0275E2927E16E009C9D2C /* SitUp.MOV */,
				05E027612927E1A6009C9D2C /* HighKneeMarch.MOV */,
				05E027622927E1A7009C9D2C /* TricepStretch.MOV */,
				05E027652927E1C2009C9D2C /* JogOnTheSpot.MOV */,
				05E027662927E1C3009C9D2C /* WallPushUp.MOV */,
			);
			path = Videos;
			sourceTree = "<group>";
		};
		05E027692927E204009C9D2C /* Launch Screen */ = {
			isa = PBXGroup;
			children = (
				05E0276A2927E214009C9D2C /* Launch Screen.storyboard */,
			);
			path = "Launch Screen";
			sourceTree = "<group>";
		};
		05E0276C2927E217009C9D2C /* Onboarding */ = {
			isa = PBXGroup;
			children = (
				05E0276D2927E225009C9D2C /* OnboardingView.swift */,
			);
			path = Onboarding;
			sourceTree = "<group>";
		};
		CEB3A4FC29037D0E00F4E36A = {
			isa = PBXGroup;
			children = (
				CEB3A50729037D0E00F4E36A /* AWIZ */,
				CEB3A50629037D0E00F4E36A /* Products */,
			);
			sourceTree = "<group>";
		};
		CEB3A50629037D0E00F4E36A /* Products */ = {
			isa = PBXGroup;
			children = (
				CEB3A50529037D0E00F4E36A /* AWIZ.app */,
			);
			name = Products;
			sourceTree = "<group>";
		};
		CEB3A50729037D0E00F4E36A /* AWIZ */ = {
			isa = PBXGroup;
			children = (
				05E0276C2927E217009C9D2C /* Onboarding */,
				05E027692927E204009C9D2C /* Launch Screen */,
				050D0E0129160B6F00D99FBF /* Main app */,
				050D0DF8291578B700D99FBF /* Home Screen */,
				055506B82924A9410029A1D0 /* Videos */,
				050D0DFC291579FA00D99FBF /* Exercise tab */,
				050D0E0029160B4D00D99FBF /* Friends tab */,
				050D0DFD29157A1600D99FBF /* Settings tab */,
				CEB3A50C29037D1600F4E36A /* Assets.xcassets */,
				CEB3A50E29037D1600F4E36A /* Preview Content */,
			);
			path = AWIZ;
			sourceTree = "<group>";
		};
		CEB3A50E29037D1600F4E36A /* Preview Content */ = {
			isa = PBXGroup;
			children = (
				CEB3A50F29037D1600F4E36A /* Preview Assets.xcassets */,
			);
			path = "Preview Content";
			sourceTree = "<group>";
		};
/* End PBXGroup section */

/* Begin PBXNativeTarget section */
		CEB3A50429037D0E00F4E36A /* AWIZ */ = {
			isa = PBXNativeTarget;
			buildConfigurationList = CEB3A51329037D1600F4E36A /* Build configuration list for PBXNativeTarget "AWIZ" */;
			buildPhases = (
				CEB3A50129037D0E00F4E36A /* Sources */,
				CEB3A50229037D0E00F4E36A /* Frameworks */,
				CEB3A50329037D0E00F4E36A /* Resources */,
			);
			buildRules = (
			);
			dependencies = (
			);
			name = AWIZ;
			productName = AWIZ;
			productReference = CEB3A50529037D0E00F4E36A /* AWIZ.app */;
			productType = "com.apple.product-type.application";
		};
/* End PBXNativeTarget section */

/* Begin PBXProject section */
		CEB3A4FD29037D0E00F4E36A /* Project object */ = {
			isa = PBXProject;
			attributes = {
				BuildIndependentTargetsInParallel = 1;
				LastSwiftUpdateCheck = 1330;
				LastUpgradeCheck = 1330;
				TargetAttributes = {
					CEB3A50429037D0E00F4E36A = {
						CreatedOnToolsVersion = 13.3;
						LastSwiftMigration = 1410;
					};
				};
			};
			buildConfigurationList = CEB3A50029037D0E00F4E36A /* Build configuration list for PBXProject "AWIZ" */;
			compatibilityVersion = "Xcode 13.0";
			developmentRegion = en;
			hasScannedForEncodings = 0;
			knownRegions = (
				en,
				Base,
			);
			mainGroup = CEB3A4FC29037D0E00F4E36A;
			productRefGroup = CEB3A50629037D0E00F4E36A /* Products */;
			projectDirPath = "";
			projectRoot = "";
			targets = (
				CEB3A50429037D0E00F4E36A /* AWIZ */,
			);
		};
/* End PBXProject section */

/* Begin PBXResourcesBuildPhase section */
		CEB3A50329037D0E00F4E36A /* Resources */ = {
			isa = PBXResourcesBuildPhase;
			buildActionMask = 2147483647;
			files = (
				05E027672927E1C3009C9D2C /* JogOnTheSpot.MOV in Resources */,
				05E0275C2927E12C009C9D2C /* Lunges.MOV in Resources */,
				0585A42F29272716007FD8A6 /* ToeTouches.MOV in Resources */,
				CEB3A51029037D1600F4E36A /* Preview Assets.xcassets in Resources */,
				05E0276B2927E214009C9D2C /* Launch Screen.storyboard in Resources */,
				CEB3A50D29037D1600F4E36A /* Assets.xcassets in Resources */,
				05219D5729272E0E00160772 /* ElbowStretch.MOV in Resources */,
				05E0275B2927E12C009C9D2C /* ArmCircles.MOV in Resources */,
				05E027602927E16E009C9D2C /* SitUp.MOV in Resources */,
				05E0275F2927E16E009C9D2C /* CalfRaises.MOV in Resources */,
				05E027632927E1A7009C9D2C /* HighKneeMarch.MOV in Resources */,
				05E027642927E1A7009C9D2C /* TricepStretch.MOV in Resources */,
				05E027682927E1C3009C9D2C /* WallPushUp.MOV in Resources */,
			);
			runOnlyForDeploymentPostprocessing = 0;
		};
/* End PBXResourcesBuildPhase section */

/* Begin PBXSourcesBuildPhase section */
		CEB3A50129037D0E00F4E36A /* Sources */ = {
			isa = PBXSourcesBuildPhase;
			buildActionMask = 2147483647;
			files = (
				05E027542927DF9C009C9D2C /* ExercisePlanDetailView.swift in Sources */,
				05E027502927DF6E009C9D2C /* StreaksView.swift in Sources */,
				05208DE429038C44003CAECF /* ExerciseView.swift in Sources */,
				05E0274D2927DF6E009C9D2C /* CircularProgressView.swift in Sources */,
				05E027582927E0DA009C9D2C /* ExerciseScreenView.swift in Sources */,
				05E0274E2927DF6E009C9D2C /* ExerciseStructs.swift in Sources */,
				05E027562927DFE6009C9D2C /* TimerView.swift in Sources */,
				05E027482927DF42009C9D2C /* ContentView.swift in Sources */,
				05208DEB29038C73003CAECF /* SettingsView.swift in Sources */,
				05208DE729038C55003CAECF /* FriendView.swift in Sources */,
				05E0274F2927DF6E009C9D2C /* HomeScreenView.swift in Sources */,
				CEB3A50929037D0E00F4E36A /* AWIZApp.swift in Sources */,
				05E027532927DF9C009C9D2C /* ExercisePlanView.swift in Sources */,
				05E0276E2927E225009C9D2C /* OnboardingView.swift in Sources */,
			);
			runOnlyForDeploymentPostprocessing = 0;
		};
/* End PBXSourcesBuildPhase section */

/* Begin XCBuildConfiguration section */
		CEB3A51129037D1600F4E36A /* Debug */ = {
			isa = XCBuildConfiguration;
			buildSettings = {
				ALWAYS_SEARCH_USER_PATHS = NO;
				CLANG_ANALYZER_NONNULL = YES;
				CLANG_ANALYZER_NUMBER_OBJECT_CONVERSION = YES_AGGRESSIVE;
				CLANG_CXX_LANGUAGE_STANDARD = "gnu++17";
				CLANG_ENABLE_MODULES = YES;
				CLANG_ENABLE_OBJC_ARC = YES;
				CLANG_ENABLE_OBJC_WEAK = YES;
				CLANG_WARN_BLOCK_CAPTURE_AUTORELEASING = YES;
				CLANG_WARN_BOOL_CONVERSION = YES;
				CLANG_WARN_COMMA = YES;
				CLANG_WARN_CONSTANT_CONVERSION = YES;
				CLANG_WARN_DEPRECATED_OBJC_IMPLEMENTATIONS = YES;
				CLANG_WARN_DIRECT_OBJC_ISA_USAGE = YES_ERROR;
				CLANG_WARN_DOCUMENTATION_COMMENTS = YES;
				CLANG_WARN_EMPTY_BODY = YES;
				CLANG_WARN_ENUM_CONVERSION = YES;
				CLANG_WARN_INFINITE_RECURSION = YES;
				CLANG_WARN_INT_CONVERSION = YES;
				CLANG_WARN_NON_LITERAL_NULL_CONVERSION = YES;
				CLANG_WARN_OBJC_IMPLICIT_RETAIN_SELF = YES;
				CLANG_WARN_OBJC_LITERAL_CONVERSION = YES;
				CLANG_WARN_OBJC_ROOT_CLASS = YES_ERROR;
				CLANG_WARN_QUOTED_INCLUDE_IN_FRAMEWORK_HEADER = YES;
				CLANG_WARN_RANGE_LOOP_ANALYSIS = YES;
				CLANG_WARN_STRICT_PROTOTYPES = YES;
				CLANG_WARN_SUSPICIOUS_MOVE = YES;
				CLANG_WARN_UNGUARDED_AVAILABILITY = YES_AGGRESSIVE;
				CLANG_WARN_UNREACHABLE_CODE = YES;
				CLANG_WARN__DUPLICATE_METHOD_MATCH = YES;
				COPY_PHASE_STRIP = NO;
				DEBUG_INFORMATION_FORMAT = dwarf;
				ENABLE_STRICT_OBJC_MSGSEND = YES;
				ENABLE_TESTABILITY = YES;
				GCC_C_LANGUAGE_STANDARD = gnu11;
				GCC_DYNAMIC_NO_PIC = NO;
				GCC_NO_COMMON_BLOCKS = YES;
				GCC_OPTIMIZATION_LEVEL = 0;
				GCC_PREPROCESSOR_DEFINITIONS = (
					"DEBUG=1",
					"$(inherited)",
				);
				GCC_WARN_64_TO_32_BIT_CONVERSION = YES;
				GCC_WARN_ABOUT_RETURN_TYPE = YES_ERROR;
				GCC_WARN_UNDECLARED_SELECTOR = YES;
				GCC_WARN_UNINITIALIZED_AUTOS = YES_AGGRESSIVE;
				GCC_WARN_UNUSED_FUNCTION = YES;
				GCC_WARN_UNUSED_VARIABLE = YES;
				IPHONEOS_DEPLOYMENT_TARGET = 16.1;
				MTL_ENABLE_DEBUG_INFO = INCLUDE_SOURCE;
				MTL_FAST_MATH = YES;
				ONLY_ACTIVE_ARCH = YES;
				SDKROOT = iphoneos;
				SWIFT_ACTIVE_COMPILATION_CONDITIONS = DEBUG;
				SWIFT_OPTIMIZATION_LEVEL = "-Onone";
			};
			name = Debug;
		};
		CEB3A51229037D1600F4E36A /* Release */ = {
			isa = XCBuildConfiguration;
			buildSettings = {
				ALWAYS_SEARCH_USER_PATHS = NO;
				CLANG_ANALYZER_NONNULL = YES;
				CLANG_ANALYZER_NUMBER_OBJECT_CONVERSION = YES_AGGRESSIVE;
				CLANG_CXX_LANGUAGE_STANDARD = "gnu++17";
				CLANG_ENABLE_MODULES = YES;
				CLANG_ENABLE_OBJC_ARC = YES;
				CLANG_ENABLE_OBJC_WEAK = YES;
				CLANG_WARN_BLOCK_CAPTURE_AUTORELEASING = YES;
				CLANG_WARN_BOOL_CONVERSION = YES;
				CLANG_WARN_COMMA = YES;
				CLANG_WARN_CONSTANT_CONVERSION = YES;
				CLANG_WARN_DEPRECATED_OBJC_IMPLEMENTATIONS = YES;
				CLANG_WARN_DIRECT_OBJC_ISA_USAGE = YES_ERROR;
				CLANG_WARN_DOCUMENTATION_COMMENTS = YES;
				CLANG_WARN_EMPTY_BODY = YES;
				CLANG_WARN_ENUM_CONVERSION = YES;
				CLANG_WARN_INFINITE_RECURSION = YES;
				CLANG_WARN_INT_CONVERSION = YES;
				CLANG_WARN_NON_LITERAL_NULL_CONVERSION = YES;
				CLANG_WARN_OBJC_IMPLICIT_RETAIN_SELF = YES;
				CLANG_WARN_OBJC_LITERAL_CONVERSION = YES;
				CLANG_WARN_OBJC_ROOT_CLASS = YES_ERROR;
				CLANG_WARN_QUOTED_INCLUDE_IN_FRAMEWORK_HEADER = YES;
				CLANG_WARN_RANGE_LOOP_ANALYSIS = YES;
				CLANG_WARN_STRICT_PROTOTYPES = YES;
				CLANG_WARN_SUSPICIOUS_MOVE = YES;
				CLANG_WARN_UNGUARDED_AVAILABILITY = YES_AGGRESSIVE;
				CLANG_WARN_UNREACHABLE_CODE = YES;
				CLANG_WARN__DUPLICATE_METHOD_MATCH = YES;
				COPY_PHASE_STRIP = NO;
				DEBUG_INFORMATION_FORMAT = "dwarf-with-dsym";
				ENABLE_NS_ASSERTIONS = NO;
				ENABLE_STRICT_OBJC_MSGSEND = YES;
				GCC_C_LANGUAGE_STANDARD = gnu11;
				GCC_NO_COMMON_BLOCKS = YES;
				GCC_WARN_64_TO_32_BIT_CONVERSION = YES;
				GCC_WARN_ABOUT_RETURN_TYPE = YES_ERROR;
				GCC_WARN_UNDECLARED_SELECTOR = YES;
				GCC_WARN_UNINITIALIZED_AUTOS = YES_AGGRESSIVE;
				GCC_WARN_UNUSED_FUNCTION = YES;
				GCC_WARN_UNUSED_VARIABLE = YES;
				IPHONEOS_DEPLOYMENT_TARGET = 16.1;
				MTL_ENABLE_DEBUG_INFO = NO;
				MTL_FAST_MATH = YES;
				SDKROOT = iphoneos;
				SWIFT_COMPILATION_MODE = wholemodule;
				SWIFT_OPTIMIZATION_LEVEL = "-O";
				VALIDATE_PRODUCT = YES;
			};
			name = Release;
		};
		CEB3A51429037D1600F4E36A /* Debug */ = {
			isa = XCBuildConfiguration;
			buildSettings = {
				ASSETCATALOG_COMPILER_APPICON_NAME = AppIcon;
				ASSETCATALOG_COMPILER_GLOBAL_ACCENT_COLOR_NAME = AccentColor;
				CLANG_ENABLE_MODULES = YES;
				CODE_SIGN_STYLE = Automatic;
				CURRENT_PROJECT_VERSION = 1;
				DEVELOPMENT_ASSET_PATHS = "\"AWIZ/Preview Content\"";
				ENABLE_PREVIEWS = YES;
				GENERATE_INFOPLIST_FILE = YES;
				INFOPLIST_KEY_LSApplicationCategoryType = "public.app-category.healthcare-fitness";
				INFOPLIST_KEY_UIApplicationSceneManifest_Generation = YES;
				INFOPLIST_KEY_UIApplicationSupportsIndirectInputEvents = YES;
				INFOPLIST_KEY_UILaunchScreen_Generation = YES;
				INFOPLIST_KEY_UISupportedInterfaceOrientations_iPad = "UIInterfaceOrientationPortrait UIInterfaceOrientationPortraitUpsideDown UIInterfaceOrientationLandscapeLeft UIInterfaceOrientationLandscapeRight";
				INFOPLIST_KEY_UISupportedInterfaceOrientations_iPhone = "UIInterfaceOrientationPortrait UIInterfaceOrientationLandscapeLeft UIInterfaceOrientationLandscapeRight";
				IPHONEOS_DEPLOYMENT_TARGET = 15.0;
				LD_RUNPATH_SEARCH_PATHS = (
					"$(inherited)",
					"@executable_path/Frameworks",
				);
				MARKETING_VERSION = 1.0;
				PRODUCT_BUNDLE_IDENTIFIER = sg.tk.AWIZ;
				PRODUCT_NAME = "$(TARGET_NAME)";
				SWIFT_EMIT_LOC_STRINGS = YES;
				SWIFT_OPTIMIZATION_LEVEL = "-Onone";
				SWIFT_PRECOMPILE_BRIDGING_HEADER = NO;
				SWIFT_VERSION = 5.0;
				TARGETED_DEVICE_FAMILY = "1,2";
			};
			name = Debug;
		};
		CEB3A51529037D1600F4E36A /* Release */ = {
			isa = XCBuildConfiguration;
			buildSettings = {
				ASSETCATALOG_COMPILER_APPICON_NAME = AppIcon;
				ASSETCATALOG_COMPILER_GLOBAL_ACCENT_COLOR_NAME = AccentColor;
				CLANG_ENABLE_MODULES = YES;
				CODE_SIGN_STYLE = Automatic;
				CURRENT_PROJECT_VERSION = 1;
				DEVELOPMENT_ASSET_PATHS = "\"AWIZ/Preview Content\"";
				ENABLE_PREVIEWS = YES;
				GENERATE_INFOPLIST_FILE = YES;
				INFOPLIST_KEY_LSApplicationCategoryType = "public.app-category.healthcare-fitness";
				INFOPLIST_KEY_UIApplicationSceneManifest_Generation = YES;
				INFOPLIST_KEY_UIApplicationSupportsIndirectInputEvents = YES;
				INFOPLIST_KEY_UILaunchScreen_Generation = YES;
				INFOPLIST_KEY_UISupportedInterfaceOrientations_iPad = "UIInterfaceOrientationPortrait UIInterfaceOrientationPortraitUpsideDown UIInterfaceOrientationLandscapeLeft UIInterfaceOrientationLandscapeRight";
				INFOPLIST_KEY_UISupportedInterfaceOrientations_iPhone = "UIInterfaceOrientationPortrait UIInterfaceOrientationLandscapeLeft UIInterfaceOrientationLandscapeRight";
				IPHONEOS_DEPLOYMENT_TARGET = 15.0;
				LD_RUNPATH_SEARCH_PATHS = (
					"$(inherited)",
					"@executable_path/Frameworks",
				);
				MARKETING_VERSION = 1.0;
				PRODUCT_BUNDLE_IDENTIFIER = sg.tk.AWIZ;
				PRODUCT_NAME = "$(TARGET_NAME)";
				SWIFT_EMIT_LOC_STRINGS = YES;
				SWIFT_PRECOMPILE_BRIDGING_HEADER = NO;
				SWIFT_VERSION = 5.0;
				TARGETED_DEVICE_FAMILY = "1,2";
			};
			name = Release;
		};
/* End XCBuildConfiguration section */

/* Begin XCConfigurationList section */
		CEB3A50029037D0E00F4E36A /* Build configuration list for PBXProject "AWIZ" */ = {
			isa = XCConfigurationList;
			buildConfigurations = (
				CEB3A51129037D1600F4E36A /* Debug */,
				CEB3A51229037D1600F4E36A /* Release */,
			);
			defaultConfigurationIsVisible = 0;
			defaultConfigurationName = Release;
		};
		CEB3A51329037D1600F4E36A /* Build configuration list for PBXNativeTarget "AWIZ" */ = {
			isa = XCConfigurationList;
			buildConfigurations = (
				CEB3A51429037D1600F4E36A /* Debug */,
				CEB3A51529037D1600F4E36A /* Release */,
			);
			defaultConfigurationIsVisible = 0;
			defaultConfigurationName = Release;
		};
/* End XCConfigurationList section */
	};
	rootObject = CEB3A4FD29037D0E00F4E36A /* Project object */;
}
