// !$*UTF8*$!
{
	archiveVersion = 1;
	classes = {
	};
	objectVersion = 55;
	objects = {

/* Begin PBXBuildFile section */
		05208DE229038887003CAECF /* HomeScreenView.swift in Sources */ = {isa = PBXBuildFile; fileRef = 05208DE129038886003CAECF /* HomeScreenView.swift */; };
		05208DE429038C44003CAECF /* ExerciseView.swift in Sources */ = {isa = PBXBuildFile; fileRef = 05208DE329038C44003CAECF /* ExerciseView.swift */; };
		05208DE729038C55003CAECF /* FriendView.swift in Sources */ = {isa = PBXBuildFile; fileRef = 05208DE629038C55003CAECF /* FriendView.swift */; };
		05208DEB29038C73003CAECF /* SettingsView.swift in Sources */ = {isa = PBXBuildFile; fileRef = 05208DEA29038C73003CAECF /* SettingsView.swift */; };
		05208DED29039238003CAECF /* CircularProgressView.swift in Sources */ = {isa = PBXBuildFile; fileRef = 05208DEC29039238003CAECF /* CircularProgressView.swift */; };
		0555D064290CD42700374732 /* Date.swift in Sources */ = {isa = PBXBuildFile; fileRef = 0555D063290CD42700374732 /* Date.swift */; };
		05BC705D290CC0CE0068AD4F /* DateView.swift in Sources */ = {isa = PBXBuildFile; fileRef = 05BC705C290CC0CE0068AD4F /* DateView.swift */; };
		CEB3A50929037D0E00F4E36A /* AWIZApp.swift in Sources */ = {isa = PBXBuildFile; fileRef = CEB3A50829037D0E00F4E36A /* AWIZApp.swift */; };
		CEB3A50B29037D0E00F4E36A /* ContentView.swift in Sources */ = {isa = PBXBuildFile; fileRef = CEB3A50A29037D0E00F4E36A /* ContentView.swift */; };
		CEB3A50D29037D1600F4E36A /* Assets.xcassets in Resources */ = {isa = PBXBuildFile; fileRef = CEB3A50C29037D1600F4E36A /* Assets.xcassets */; };
		CEB3A51029037D1600F4E36A /* Preview Assets.xcassets in Resources */ = {isa = PBXBuildFile; fileRef = CEB3A50F29037D1600F4E36A /* Preview Assets.xcassets */; };
/* End PBXBuildFile section */

/* Begin PBXFileReference section */
		05208DE129038886003CAECF /* HomeScreenView.swift */ = {isa = PBXFileReference; lastKnownFileType = sourcecode.swift; path = HomeScreenView.swift; sourceTree = "<group>"; };
		05208DE329038C44003CAECF /* ExerciseView.swift */ = {isa = PBXFileReference; lastKnownFileType = sourcecode.swift; path = ExerciseView.swift; sourceTree = "<group>"; };
		05208DE629038C55003CAECF /* FriendView.swift */ = {isa = PBXFileReference; lastKnownFileType = sourcecode.swift; path = FriendView.swift; sourceTree = "<group>"; };
		05208DEA29038C73003CAECF /* SettingsView.swift */ = {isa = PBXFileReference; lastKnownFileType = sourcecode.swift; path = SettingsView.swift; sourceTree = "<group>"; };
		05208DEC29039238003CAECF /* CircularProgressView.swift */ = {isa = PBXFileReference; lastKnownFileType = sourcecode.swift; path = CircularProgressView.swift; sourceTree = "<group>"; };
		0555D063290CD42700374732 /* Date.swift */ = {isa = PBXFileReference; lastKnownFileType = sourcecode.swift; path = Date.swift; sourceTree = "<group>"; };
		05BC705C290CC0CE0068AD4F /* DateView.swift */ = {isa = PBXFileReference; lastKnownFileType = sourcecode.swift; path = DateView.swift; sourceTree = "<group>"; };
		CEB3A50529037D0E00F4E36A /* AWIZ.app */ = {isa = PBXFileReference; explicitFileType = wrapper.application; includeInIndex = 0; path = AWIZ.app; sourceTree = BUILT_PRODUCTS_DIR; };
		CEB3A50829037D0E00F4E36A /* AWIZApp.swift */ = {isa = PBXFileReference; lastKnownFileType = sourcecode.swift; path = AWIZApp.swift; sourceTree = "<group>"; };
		CEB3A50A29037D0E00F4E36A /* ContentView.swift */ = {isa = PBXFileReference; lastKnownFileType = sourcecode.swift; path = ContentView.swift; sourceTree = "<group>"; };
		CEB3A50C29037D1600F4E36A /* Assets.xcassets */ = {isa = PBXFileReference; lastKnownFileType = folder.assetcatalog; path = Assets.xcassets; sourceTree = "<group>"; };
		CEB3A50F29037D1600F4E36A /* Preview Assets.xcassets */ = {isa = PBXFileReference; lastKnownFileType = folder.assetcatalog; path = "Preview Assets.xcassets"; sourceTree = "<group>"; };
/* End PBXFileReference section */

/* Begin PBXFrameworksBuildPhase section */
		CEB3A50229037D0E00F4E36A /* Frameworks */ = {
			isa = PBXFrameworksBuildPhase;
			buildActionMask = 2147483647;
			files = (
			);
			runOnlyForDeploymentPostprocessing = 0;
		};
/* End PBXFrameworksBuildPhase section */

/* Begin PBXGroup section */
		CEB3A4FC29037D0E00F4E36A = {
			isa = PBXGroup;
			children = (
				CEB3A50729037D0E00F4E36A /* AWIZ */,
				CEB3A50629037D0E00F4E36A /* Products */,
			);
			sourceTree = "<group>";
		};
		CEB3A50629037D0E00F4E36A /* Products */ = {
			isa = PBXGroup;
			children = (
				CEB3A50529037D0E00F4E36A /* AWIZ.app */,
			);
			name = Products;
			sourceTree = "<group>";
		};
		CEB3A50729037D0E00F4E36A /* AWIZ */ = {
			isa = PBXGroup;
			children = (
				CEB3A50829037D0E00F4E36A /* AWIZApp.swift */,
				CEB3A50A29037D0E00F4E36A /* ContentView.swift */,
				05208DE129038886003CAECF /* HomeScreenView.swift */,
				05208DEC29039238003CAECF /* CircularProgressView.swift */,
				0555D063290CD42700374732 /* Date.swift */,
				05BC705C290CC0CE0068AD4F /* DateView.swift */,
				05208DE329038C44003CAECF /* ExerciseView.swift */,
				05208DE629038C55003CAECF /* FriendView.swift */,
				05208DEA29038C73003CAECF /* SettingsView.swift */,
				CEB3A50C29037D1600F4E36A /* Assets.xcassets */,
				CEB3A50E29037D1600F4E36A /* Preview Content */,
			);
			path = AWIZ;
			sourceTree = "<group>";
		};
		CEB3A50E29037D1600F4E36A /* Preview Content */ = {
			isa = PBXGroup;
			children = (
				CEB3A50F29037D1600F4E36A /* Preview Assets.xcassets */,
			);
			path = "Preview Content";
			sourceTree = "<group>";
		};
/* End PBXGroup section */

/* Begin PBXNativeTarget section */
		CEB3A50429037D0E00F4E36A /* AWIZ */ = {
			isa = PBXNativeTarget;
			buildConfigurationList = CEB3A51329037D1600F4E36A /* Build configuration list for PBXNativeTarget "AWIZ" */;
			buildPhases = (
				CEB3A50129037D0E00F4E36A /* Sources */,
				CEB3A50229037D0E00F4E36A /* Frameworks */,
				CEB3A50329037D0E00F4E36A /* Resources */,
			);
			buildRules = (
			);
			dependencies = (
			);
			name = AWIZ;
			productName = AWIZ;
			productReference = CEB3A50529037D0E00F4E36A /* AWIZ.app */;
			productType = "com.apple.product-type.application";
		};
/* End PBXNativeTarget section */

/* Begin PBXProject section */
		CEB3A4FD29037D0E00F4E36A /* Project object */ = {
			isa = PBXProject;
			attributes = {
				BuildIndependentTargetsInParallel = 1;
				LastSwiftUpdateCheck = 1330;
				LastUpgradeCheck = 1330;
				TargetAttributes = {
					CEB3A50429037D0E00F4E36A = {
						CreatedOnToolsVersion = 13.3;
					};
				};
			};
			buildConfigurationList = CEB3A50029037D0E00F4E36A /* Build configuration list for PBXProject "AWIZ" */;
			compatibilityVersion = "Xcode 13.0";
			developmentRegion = en;
			hasScannedForEncodings = 0;
			knownRegions = (
				en,
				Base,
			);
			mainGroup = CEB3A4FC29037D0E00F4E36A;
			productRefGroup = CEB3A50629037D0E00F4E36A /* Products */;
			projectDirPath = "";
			projectRoot = "";
			targets = (
				CEB3A50429037D0E00F4E36A /* AWIZ */,
			);
		};
/* End PBXProject section */

/* Begin PBXResourcesBuildPhase section */
		CEB3A50329037D0E00F4E36A /* Resources */ = {
			isa = PBXResourcesBuildPhase;
			buildActionMask = 2147483647;
			files = (
				CEB3A51029037D1600F4E36A /* Preview Assets.xcassets in Resources */,
				CEB3A50D29037D1600F4E36A /* Assets.xcassets in Resources */,
			);
			runOnlyForDeploymentPostprocessing = 0;
		};
/* End PBXResourcesBuildPhase section */

/* Begin PBXSourcesBuildPhase section */
		CEB3A50129037D0E00F4E36A /* Sources */ = {
			isa = PBXSourcesBuildPhase;
			buildActionMask = 2147483647;
			files = (
				05208DE429038C44003CAECF /* ExerciseView.swift in Sources */,
				05208DE229038887003CAECF /* HomeScreenView.swift in Sources */,
				05BC705D290CC0CE0068AD4F /* DateView.swift in Sources */,
				CEB3A50B29037D0E00F4E36A /* ContentView.swift in Sources */,
				05208DED29039238003CAECF /* CircularProgressView.swift in Sources */,
				05208DEB29038C73003CAECF /* SettingsView.swift in Sources */,
				05208DE729038C55003CAECF /* FriendView.swift in Sources */,
				0555D064290CD42700374732 /* Date.swift in Sources */,
				CEB3A50929037D0E00F4E36A /* AWIZApp.swift in Sources */,
			);
			runOnlyForDeploymentPostprocessing = 0;
		};
/* End PBXSourcesBuildPhase section */

/* Begin XCBuildConfiguration section */
		CEB3A51129037D1600F4E36A /* Debug */ = {
			isa = XCBuildConfiguration;
			buildSettings = {
				ALWAYS_SEARCH_USER_PATHS = NO;
				CLANG_ANALYZER_NONNULL = YES;
				CLANG_ANALYZER_NUMBER_OBJECT_CONVERSION = YES_AGGRESSIVE;
				CLANG_CXX_LANGUAGE_STANDARD = "gnu++17";
				CLANG_ENABLE_MODULES = YES;
				CLANG_ENABLE_OBJC_ARC = YES;
				CLANG_ENABLE_OBJC_WEAK = YES;
				CLANG_WARN_BLOCK_CAPTURE_AUTORELEASING = YES;
				CLANG_WARN_BOOL_CONVERSION = YES;
				CLANG_WARN_COMMA = YES;
				CLANG_WARN_CONSTANT_CONVERSION = YES;
				CLANG_WARN_DEPRECATED_OBJC_IMPLEMENTATIONS = YES;
				CLANG_WARN_DIRECT_OBJC_ISA_USAGE = YES_ERROR;
				CLANG_WARN_DOCUMENTATION_COMMENTS = YES;
				CLANG_WARN_EMPTY_BODY = YES;
				CLANG_WARN_ENUM_CONVERSION = YES;
				CLANG_WARN_INFINITE_RECURSION = YES;
				CLANG_WARN_INT_CONVERSION = YES;
				CLANG_WARN_NON_LITERAL_NULL_CONVERSION = YES;
				CLANG_WARN_OBJC_IMPLICIT_RETAIN_SELF = YES;
				CLANG_WARN_OBJC_LITERAL_CONVERSION = YES;
				CLANG_WARN_OBJC_ROOT_CLASS = YES_ERROR;
				CLANG_WARN_QUOTED_INCLUDE_IN_FRAMEWORK_HEADER = YES;
				CLANG_WARN_RANGE_LOOP_ANALYSIS = YES;
				CLANG_WARN_STRICT_PROTOTYPES = YES;
				CLANG_WARN_SUSPICIOUS_MOVE = YES;
				CLANG_WARN_UNGUARDED_AVAILABILITY = YES_AGGRESSIVE;
				CLANG_WARN_UNREACHABLE_CODE = YES;
				CLANG_WARN__DUPLICATE_METHOD_MATCH = YES;
				COPY_PHASE_STRIP = NO;
				DEBUG_INFORMATION_FORMAT = dwarf;
				ENABLE_STRICT_OBJC_MSGSEND = YES;
				ENABLE_TESTABILITY = YES;
				GCC_C_LANGUAGE_STANDARD = gnu11;
				GCC_DYNAMIC_NO_PIC = NO;
				GCC_NO_COMMON_BLOCKS = YES;
				GCC_OPTIMIZATION_LEVEL = 0;
				GCC_PREPROCESSOR_DEFINITIONS = (
					"DEBUG=1",
					"$(inherited)",
				);
				GCC_WARN_64_TO_32_BIT_CONVERSION = YES;
				GCC_WARN_ABOUT_RETURN_TYPE = YES_ERROR;
				GCC_WARN_UNDECLARED_SELECTOR = YES;
				GCC_WARN_UNINITIALIZED_AUTOS = YES_AGGRESSIVE;
				GCC_WARN_UNUSED_FUNCTION = YES;
				GCC_WARN_UNUSED_VARIABLE = YES;
				IPHONEOS_DEPLOYMENT_TARGET = 16.0;
				MTL_ENABLE_DEBUG_INFO = INCLUDE_SOURCE;
				MTL_FAST_MATH = YES;
				ONLY_ACTIVE_ARCH = YES;
				SDKROOT = iphoneos;
				SWIFT_ACTIVE_COMPILATION_CONDITIONS = DEBUG;
				SWIFT_OPTIMIZATION_LEVEL = "-Onone";
			};
			name = Debug;
		};
		CEB3A51229037D1600F4E36A /* Release */ = {
			isa = XCBuildConfiguration;
			buildSettings = {
				ALWAYS_SEARCH_USER_PATHS = NO;
				CLANG_ANALYZER_NONNULL = YES;
				CLANG_ANALYZER_NUMBER_OBJECT_CONVERSION = YES_AGGRESSIVE;
				CLANG_CXX_LANGUAGE_STANDARD = "gnu++17";
				CLANG_ENABLE_MODULES = YES;
				CLANG_ENABLE_OBJC_ARC = YES;
				CLANG_ENABLE_OBJC_WEAK = YES;
				CLANG_WARN_BLOCK_CAPTURE_AUTORELEASING = YES;
				CLANG_WARN_BOOL_CONVERSION = YES;
				CLANG_WARN_COMMA = YES;
				CLANG_WARN_CONSTANT_CONVERSION = YES;
				CLANG_WARN_DEPRECATED_OBJC_IMPLEMENTATIONS = YES;
				CLANG_WARN_DIRECT_OBJC_ISA_USAGE = YES_ERROR;
				CLANG_WARN_DOCUMENTATION_COMMENTS = YES;
				CLANG_WARN_EMPTY_BODY = YES;
				CLANG_WARN_ENUM_CONVERSION = YES;
				CLANG_WARN_INFINITE_RECURSION = YES;
				CLANG_WARN_INT_CONVERSION = YES;
				CLANG_WARN_NON_LITERAL_NULL_CONVERSION = YES;
				CLANG_WARN_OBJC_IMPLICIT_RETAIN_SELF = YES;
				CLANG_WARN_OBJC_LITERAL_CONVERSION = YES;
				CLANG_WARN_OBJC_ROOT_CLASS = YES_ERROR;
				CLANG_WARN_QUOTED_INCLUDE_IN_FRAMEWORK_HEADER = YES;
				CLANG_WARN_RANGE_LOOP_ANALYSIS = YES;
				CLANG_WARN_STRICT_PROTOTYPES = YES;
				CLANG_WARN_SUSPICIOUS_MOVE = YES;
				CLANG_WARN_UNGUARDED_AVAILABILITY = YES_AGGRESSIVE;
				CLANG_WARN_UNREACHABLE_CODE = YES;
				CLANG_WARN__DUPLICATE_METHOD_MATCH = YES;
				COPY_PHASE_STRIP = NO;
				DEBUG_INFORMATION_FORMAT = "dwarf-with-dsym";
				ENABLE_NS_ASSERTIONS = NO;
				ENABLE_STRICT_OBJC_MSGSEND = YES;
				GCC_C_LANGUAGE_STANDARD = gnu11;
				GCC_NO_COMMON_BLOCKS = YES;
				GCC_WARN_64_TO_32_BIT_CONVERSION = YES;
				GCC_WARN_ABOUT_RETURN_TYPE = YES_ERROR;
				GCC_WARN_UNDECLARED_SELECTOR = YES;
				GCC_WARN_UNINITIALIZED_AUTOS = YES_AGGRESSIVE;
				GCC_WARN_UNUSED_FUNCTION = YES;
				GCC_WARN_UNUSED_VARIABLE = YES;
				IPHONEOS_DEPLOYMENT_TARGET = 16.0;
				MTL_ENABLE_DEBUG_INFO = NO;
				MTL_FAST_MATH = YES;
				SDKROOT = iphoneos;
				SWIFT_COMPILATION_MODE = wholemodule;
				SWIFT_OPTIMIZATION_LEVEL = "-O";
				VALIDATE_PRODUCT = YES;
			};
			name = Release;
		};
		CEB3A51429037D1600F4E36A /* Debug */ = {
			isa = XCBuildConfiguration;
			buildSettings = {
				ASSETCATALOG_COMPILER_APPICON_NAME = AppIcon;
				ASSETCATALOG_COMPILER_GLOBAL_ACCENT_COLOR_NAME = AccentColor;
				CODE_SIGN_STYLE = Automatic;
				CURRENT_PROJECT_VERSION = 1;
				DEVELOPMENT_ASSET_PATHS = "\"AWIZ/Preview Content\"";
				ENABLE_PREVIEWS = YES;
				GENERATE_INFOPLIST_FILE = YES;
				INFOPLIST_KEY_UIApplicationSceneManifest_Generation = YES;
				INFOPLIST_KEY_UIApplicationSupportsIndirectInputEvents = YES;
				INFOPLIST_KEY_UILaunchScreen_Generation = YES;
				INFOPLIST_KEY_UISupportedInterfaceOrientations_iPad = "UIInterfaceOrientationPortrait UIInterfaceOrientationPortraitUpsideDown UIInterfaceOrientationLandscapeLeft UIInterfaceOrientationLandscapeRight";
				INFOPLIST_KEY_UISupportedInterfaceOrientations_iPhone = "UIInterfaceOrientationPortrait UIInterfaceOrientationLandscapeLeft UIInterfaceOrientationLandscapeRight";
				LD_RUNPATH_SEARCH_PATHS = (
					"$(inherited)",
					"@executable_path/Frameworks",
				);
				MARKETING_VERSION = 1.0;
				PRODUCT_BUNDLE_IDENTIFIER = sg.tk.AWIZ;
				PRODUCT_NAME = "$(TARGET_NAME)";
				SWIFT_EMIT_LOC_STRINGS = YES;
				SWIFT_VERSION = 5.0;
				TARGETED_DEVICE_FAMILY = "1,2";
			};
			name = Debug;
		};
		CEB3A51529037D1600F4E36A /* Release */ = {
			isa = XCBuildConfiguration;
			buildSettings = {
				ASSETCATALOG_COMPILER_APPICON_NAME = AppIcon;
				ASSETCATALOG_COMPILER_GLOBAL_ACCENT_COLOR_NAME = AccentColor;
				CODE_SIGN_STYLE = Automatic;
				CURRENT_PROJECT_VERSION = 1;
				DEVELOPMENT_ASSET_PATHS = "\"AWIZ/Preview Content\"";
				ENABLE_PREVIEWS = YES;
				GENERATE_INFOPLIST_FILE = YES;
				INFOPLIST_KEY_UIApplicationSceneManifest_Generation = YES;
				INFOPLIST_KEY_UIApplicationSupportsIndirectInputEvents = YES;
				INFOPLIST_KEY_UILaunchScreen_Generation = YES;
				INFOPLIST_KEY_UISupportedInterfaceOrientations_iPad = "UIInterfaceOrientationPortrait UIInterfaceOrientationPortraitUpsideDown UIInterfaceOrientationLandscapeLeft UIInterfaceOrientationLandscapeRight";
				INFOPLIST_KEY_UISupportedInterfaceOrientations_iPhone = "UIInterfaceOrientationPortrait UIInterfaceOrientationLandscapeLeft UIInterfaceOrientationLandscapeRight";
				LD_RUNPATH_SEARCH_PATHS = (
					"$(inherited)",
					"@executable_path/Frameworks",
				);
				MARKETING_VERSION = 1.0;
				PRODUCT_BUNDLE_IDENTIFIER = sg.tk.AWIZ;
				PRODUCT_NAME = "$(TARGET_NAME)";
				SWIFT_EMIT_LOC_STRINGS = YES;
				SWIFT_VERSION = 5.0;
				TARGETED_DEVICE_FAMILY = "1,2";
			};
			name = Release;
		};
/* End XCBuildConfiguration section */

/* Begin XCConfigurationList section */
		CEB3A50029037D0E00F4E36A /* Build configuration list for PBXProject "AWIZ" */ = {
			isa = XCConfigurationList;
			buildConfigurations = (
				CEB3A51129037D1600F4E36A /* Debug */,
				CEB3A51229037D1600F4E36A /* Release */,
			);
			defaultConfigurationIsVisible = 0;
			defaultConfigurationName = Release;
		};
		CEB3A51329037D1600F4E36A /* Build configuration list for PBXNativeTarget "AWIZ" */ = {
			isa = XCConfigurationList;
			buildConfigurations = (
				CEB3A51429037D1600F4E36A /* Debug */,
				CEB3A51529037D1600F4E36A /* Release */,
			);
			defaultConfigurationIsVisible = 0;
			defaultConfigurationName = Release;
		};
/* End XCConfigurationList section */
	};
	rootObject = CEB3A4FD29037D0E00F4E36A /* Project object */;
}
